// !$*UTF8*$!
{
	archiveVersion = 1;
	classes = {
	};
	objectVersion = 46;
	objects = {

/* Begin PBXBuildFile section */
		DE351ACF1EB884870069A81E /* main.m in Sources */ = {isa = PBXBuildFile; fileRef = DE351ACE1EB884870069A81E /* main.m */; };
		DE351AD21EB884870069A81E /* AppDelegate.m in Sources */ = {isa = PBXBuildFile; fileRef = DE351AD11EB884870069A81E /* AppDelegate.m */; };
		DE351AD51EB884870069A81E /* ViewController.m in Sources */ = {isa = PBXBuildFile; fileRef = DE351AD41EB884870069A81E /* ViewController.m */; };
		DE351AD81EB884870069A81E /* Main.storyboard in Resources */ = {isa = PBXBuildFile; fileRef = DE351AD61EB884870069A81E /* Main.storyboard */; };
		DE351ADA1EB884870069A81E /* Assets.xcassets in Resources */ = {isa = PBXBuildFile; fileRef = DE351AD91EB884870069A81E /* Assets.xcassets */; };
		DE351ADD1EB884870069A81E /* LaunchScreen.storyboard in Resources */ = {isa = PBXBuildFile; fileRef = DE351ADB1EB884870069A81E /* LaunchScreen.storyboard */; };
		DE351AE81EB884870069A81E /* LLYCycleScrollViewTests.m in Sources */ = {isa = PBXBuildFile; fileRef = DE351AE71EB884870069A81E /* LLYCycleScrollViewTests.m */; };
		DE351AF31EB884870069A81E /* LLYCycleScrollViewUITests.m in Sources */ = {isa = PBXBuildFile; fileRef = DE351AF21EB884870069A81E /* LLYCycleScrollViewUITests.m */; };
		DE351B021EB884FE0069A81E /* LLYCycleScrollView.m in Sources */ = {isa = PBXBuildFile; fileRef = DE351B011EB884FE0069A81E /* LLYCycleScrollView.m */; };
		DE351B051EB96CF30069A81E /* LLYCycleCell.m in Sources */ = {isa = PBXBuildFile; fileRef = DE351B041EB96CF30069A81E /* LLYCycleCell.m */; };
		DE351B081EB972EC0069A81E /* UIView+Frame.m in Sources */ = {isa = PBXBuildFile; fileRef = DE351B071EB972EC0069A81E /* UIView+Frame.m */; };
		DE351B0A1EB9780F0069A81E /* testimage.png in Resources */ = {isa = PBXBuildFile; fileRef = DE351B091EB9780F0069A81E /* testimage.png */; };
		DE351B331EB984F60069A81E /* MKAnnotationView+WebCache.m in Sources */ = {isa = PBXBuildFile; fileRef = DE351B0D1EB984F50069A81E /* MKAnnotationView+WebCache.m */; };
		DE351B341EB984F60069A81E /* NSData+ImageContentType.m in Sources */ = {isa = PBXBuildFile; fileRef = DE351B0F1EB984F50069A81E /* NSData+ImageContentType.m */; };
		DE351B351EB984F60069A81E /* NSImage+WebCache.m in Sources */ = {isa = PBXBuildFile; fileRef = DE351B111EB984F50069A81E /* NSImage+WebCache.m */; };
		DE351B361EB984F60069A81E /* SDImageCache.m in Sources */ = {isa = PBXBuildFile; fileRef = DE351B131EB984F50069A81E /* SDImageCache.m */; };
		DE351B371EB984F60069A81E /* SDImageCacheConfig.m in Sources */ = {isa = PBXBuildFile; fileRef = DE351B151EB984F50069A81E /* SDImageCacheConfig.m */; };
		DE351B381EB984F60069A81E /* SDWebImageCompat.m in Sources */ = {isa = PBXBuildFile; fileRef = DE351B171EB984F50069A81E /* SDWebImageCompat.m */; };
		DE351B391EB984F60069A81E /* SDWebImageDecoder.m in Sources */ = {isa = PBXBuildFile; fileRef = DE351B191EB984F50069A81E /* SDWebImageDecoder.m */; };
		DE351B3A1EB984F60069A81E /* SDWebImageDownloader.m in Sources */ = {isa = PBXBuildFile; fileRef = DE351B1B1EB984F50069A81E /* SDWebImageDownloader.m */; };
		DE351B3B1EB984F60069A81E /* SDWebImageDownloaderOperation.m in Sources */ = {isa = PBXBuildFile; fileRef = DE351B1D1EB984F50069A81E /* SDWebImageDownloaderOperation.m */; };
		DE351B3C1EB984F60069A81E /* SDWebImageManager.m in Sources */ = {isa = PBXBuildFile; fileRef = DE351B1F1EB984F60069A81E /* SDWebImageManager.m */; };
		DE351B3D1EB984F60069A81E /* SDWebImagePrefetcher.m in Sources */ = {isa = PBXBuildFile; fileRef = DE351B221EB984F60069A81E /* SDWebImagePrefetcher.m */; };
		DE351B3E1EB984F60069A81E /* UIButton+WebCache.m in Sources */ = {isa = PBXBuildFile; fileRef = DE351B241EB984F60069A81E /* UIButton+WebCache.m */; };
		DE351B3F1EB984F60069A81E /* UIImage+GIF.m in Sources */ = {isa = PBXBuildFile; fileRef = DE351B261EB984F60069A81E /* UIImage+GIF.m */; };
		DE351B401EB984F60069A81E /* UIImage+MultiFormat.m in Sources */ = {isa = PBXBuildFile; fileRef = DE351B281EB984F60069A81E /* UIImage+MultiFormat.m */; };
		DE351B411EB984F60069A81E /* UIImage+WebP.m in Sources */ = {isa = PBXBuildFile; fileRef = DE351B2A1EB984F60069A81E /* UIImage+WebP.m */; };
		DE351B421EB984F60069A81E /* UIImageView+HighlightedWebCache.m in Sources */ = {isa = PBXBuildFile; fileRef = DE351B2C1EB984F60069A81E /* UIImageView+HighlightedWebCache.m */; };
		DE351B431EB984F60069A81E /* UIImageView+WebCache.m in Sources */ = {isa = PBXBuildFile; fileRef = DE351B2E1EB984F60069A81E /* UIImageView+WebCache.m */; };
		DE351B441EB984F60069A81E /* UIView+WebCache.m in Sources */ = {isa = PBXBuildFile; fileRef = DE351B301EB984F60069A81E /* UIView+WebCache.m */; };
		DE351B451EB984F60069A81E /* UIView+WebCacheOperation.m in Sources */ = {isa = PBXBuildFile; fileRef = DE351B321EB984F60069A81E /* UIView+WebCacheOperation.m */; };
		DE351B581EBAFE4B0069A81E /* TAAbstractDotView.m in Sources */ = {isa = PBXBuildFile; fileRef = DE351B511EBAFE4B0069A81E /* TAAbstractDotView.m */; };
		DE351B591EBAFE4B0069A81E /* TAAnimatedDotView.m in Sources */ = {isa = PBXBuildFile; fileRef = DE351B531EBAFE4B0069A81E /* TAAnimatedDotView.m */; };
		DE351B5A1EBAFE4B0069A81E /* TADotView.m in Sources */ = {isa = PBXBuildFile; fileRef = DE351B551EBAFE4B0069A81E /* TADotView.m */; };
		DE351B5B1EBAFE4B0069A81E /* TAPageControl.m in Sources */ = {isa = PBXBuildFile; fileRef = DE351B571EBAFE4B0069A81E /* TAPageControl.m */; };
/* End PBXBuildFile section */

/* Begin PBXContainerItemProxy section */
		DE351AE41EB884870069A81E /* PBXContainerItemProxy */ = {
			isa = PBXContainerItemProxy;
			containerPortal = DE351AC21EB884870069A81E /* Project object */;
			proxyType = 1;
			remoteGlobalIDString = DE351AC91EB884870069A81E;
			remoteInfo = LLYCycleScrollView;
		};
		DE351AEF1EB884870069A81E /* PBXContainerItemProxy */ = {
			isa = PBXContainerItemProxy;
			containerPortal = DE351AC21EB884870069A81E /* Project object */;
			proxyType = 1;
			remoteGlobalIDString = DE351AC91EB884870069A81E;
			remoteInfo = LLYCycleScrollView;
		};
/* End PBXContainerItemProxy section */

/* Begin PBXFileReference section */
		DE351ACA1EB884870069A81E /* LLYCycleScrollView.app */ = {isa = PBXFileReference; explicitFileType = wrapper.application; includeInIndex = 0; path = LLYCycleScrollView.app; sourceTree = BUILT_PRODUCTS_DIR; };
		DE351ACE1EB884870069A81E /* main.m */ = {isa = PBXFileReference; lastKnownFileType = sourcecode.c.objc; path = main.m; sourceTree = "<group>"; };
		DE351AD01EB884870069A81E /* AppDelegate.h */ = {isa = PBXFileReference; lastKnownFileType = sourcecode.c.h; path = AppDelegate.h; sourceTree = "<group>"; };
		DE351AD11EB884870069A81E /* AppDelegate.m */ = {isa = PBXFileReference; lastKnownFileType = sourcecode.c.objc; path = AppDelegate.m; sourceTree = "<group>"; };
		DE351AD31EB884870069A81E /* ViewController.h */ = {isa = PBXFileReference; lastKnownFileType = sourcecode.c.h; path = ViewController.h; sourceTree = "<group>"; };
		DE351AD41EB884870069A81E /* ViewController.m */ = {isa = PBXFileReference; lastKnownFileType = sourcecode.c.objc; path = ViewController.m; sourceTree = "<group>"; };
		DE351AD71EB884870069A81E /* Base */ = {isa = PBXFileReference; lastKnownFileType = file.storyboard; name = Base; path = Base.lproj/Main.storyboard; sourceTree = "<group>"; };
		DE351AD91EB884870069A81E /* Assets.xcassets */ = {isa = PBXFileReference; lastKnownFileType = folder.assetcatalog; path = Assets.xcassets; sourceTree = "<group>"; };
		DE351ADC1EB884870069A81E /* Base */ = {isa = PBXFileReference; lastKnownFileType = file.storyboard; name = Base; path = Base.lproj/LaunchScreen.storyboard; sourceTree = "<group>"; };
		DE351ADE1EB884870069A81E /* Info.plist */ = {isa = PBXFileReference; lastKnownFileType = text.plist.xml; path = Info.plist; sourceTree = "<group>"; };
		DE351AE31EB884870069A81E /* LLYCycleScrollViewTests.xctest */ = {isa = PBXFileReference; explicitFileType = wrapper.cfbundle; includeInIndex = 0; path = LLYCycleScrollViewTests.xctest; sourceTree = BUILT_PRODUCTS_DIR; };
		DE351AE71EB884870069A81E /* LLYCycleScrollViewTests.m */ = {isa = PBXFileReference; lastKnownFileType = sourcecode.c.objc; path = LLYCycleScrollViewTests.m; sourceTree = "<group>"; };
		DE351AE91EB884870069A81E /* Info.plist */ = {isa = PBXFileReference; lastKnownFileType = text.plist.xml; path = Info.plist; sourceTree = "<group>"; };
		DE351AEE1EB884870069A81E /* LLYCycleScrollViewUITests.xctest */ = {isa = PBXFileReference; explicitFileType = wrapper.cfbundle; includeInIndex = 0; path = LLYCycleScrollViewUITests.xctest; sourceTree = BUILT_PRODUCTS_DIR; };
		DE351AF21EB884870069A81E /* LLYCycleScrollViewUITests.m */ = {isa = PBXFileReference; lastKnownFileType = sourcecode.c.objc; path = LLYCycleScrollViewUITests.m; sourceTree = "<group>"; };
		DE351AF41EB884870069A81E /* Info.plist */ = {isa = PBXFileReference; lastKnownFileType = text.plist.xml; path = Info.plist; sourceTree = "<group>"; };
		DE351B001EB884FE0069A81E /* LLYCycleScrollView.h */ = {isa = PBXFileReference; fileEncoding = 4; lastKnownFileType = sourcecode.c.h; path = LLYCycleScrollView.h; sourceTree = "<group>"; };
		DE351B011EB884FE0069A81E /* LLYCycleScrollView.m */ = {isa = PBXFileReference; fileEncoding = 4; lastKnownFileType = sourcecode.c.objc; path = LLYCycleScrollView.m; sourceTree = "<group>"; };
		DE351B031EB96CF30069A81E /* LLYCycleCell.h */ = {isa = PBXFileReference; fileEncoding = 4; lastKnownFileType = sourcecode.c.h; path = LLYCycleCell.h; sourceTree = "<group>"; };
		DE351B041EB96CF30069A81E /* LLYCycleCell.m */ = {isa = PBXFileReference; fileEncoding = 4; lastKnownFileType = sourcecode.c.objc; path = LLYCycleCell.m; sourceTree = "<group>"; };
		DE351B061EB972EC0069A81E /* UIView+Frame.h */ = {isa = PBXFileReference; fileEncoding = 4; lastKnownFileType = sourcecode.c.h; path = "UIView+Frame.h"; sourceTree = "<group>"; };
		DE351B071EB972EC0069A81E /* UIView+Frame.m */ = {isa = PBXFileReference; fileEncoding = 4; lastKnownFileType = sourcecode.c.objc; path = "UIView+Frame.m"; sourceTree = "<group>"; };
		DE351B091EB9780F0069A81E /* testimage.png */ = {isa = PBXFileReference; lastKnownFileType = image.png; path = testimage.png; sourceTree = "<group>"; };
		DE351B0C1EB984F50069A81E /* MKAnnotationView+WebCache.h */ = {isa = PBXFileReference; fileEncoding = 4; lastKnownFileType = sourcecode.c.h; path = "MKAnnotationView+WebCache.h"; sourceTree = "<group>"; };
		DE351B0D1EB984F50069A81E /* MKAnnotationView+WebCache.m */ = {isa = PBXFileReference; fileEncoding = 4; lastKnownFileType = sourcecode.c.objc; path = "MKAnnotationView+WebCache.m"; sourceTree = "<group>"; };
		DE351B0E1EB984F50069A81E /* NSData+ImageContentType.h */ = {isa = PBXFileReference; fileEncoding = 4; lastKnownFileType = sourcecode.c.h; path = "NSData+ImageContentType.h"; sourceTree = "<group>"; };
		DE351B0F1EB984F50069A81E /* NSData+ImageContentType.m */ = {isa = PBXFileReference; fileEncoding = 4; lastKnownFileType = sourcecode.c.objc; path = "NSData+ImageContentType.m"; sourceTree = "<group>"; };
		DE351B101EB984F50069A81E /* NSImage+WebCache.h */ = {isa = PBXFileReference; fileEncoding = 4; lastKnownFileType = sourcecode.c.h; path = "NSImage+WebCache.h"; sourceTree = "<group>"; };
		DE351B111EB984F50069A81E /* NSImage+WebCache.m */ = {isa = PBXFileReference; fileEncoding = 4; lastKnownFileType = sourcecode.c.objc; path = "NSImage+WebCache.m"; sourceTree = "<group>"; };
		DE351B121EB984F50069A81E /* SDImageCache.h */ = {isa = PBXFileReference; fileEncoding = 4; lastKnownFileType = sourcecode.c.h; path = SDImageCache.h; sourceTree = "<group>"; };
		DE351B131EB984F50069A81E /* SDImageCache.m */ = {isa = PBXFileReference; fileEncoding = 4; lastKnownFileType = sourcecode.c.objc; path = SDImageCache.m; sourceTree = "<group>"; };
		DE351B141EB984F50069A81E /* SDImageCacheConfig.h */ = {isa = PBXFileReference; fileEncoding = 4; lastKnownFileType = sourcecode.c.h; path = SDImageCacheConfig.h; sourceTree = "<group>"; };
		DE351B151EB984F50069A81E /* SDImageCacheConfig.m */ = {isa = PBXFileReference; fileEncoding = 4; lastKnownFileType = sourcecode.c.objc; path = SDImageCacheConfig.m; sourceTree = "<group>"; };
		DE351B161EB984F50069A81E /* SDWebImageCompat.h */ = {isa = PBXFileReference; fileEncoding = 4; lastKnownFileType = sourcecode.c.h; path = SDWebImageCompat.h; sourceTree = "<group>"; };
		DE351B171EB984F50069A81E /* SDWebImageCompat.m */ = {isa = PBXFileReference; fileEncoding = 4; lastKnownFileType = sourcecode.c.objc; path = SDWebImageCompat.m; sourceTree = "<group>"; };
		DE351B181EB984F50069A81E /* SDWebImageDecoder.h */ = {isa = PBXFileReference; fileEncoding = 4; lastKnownFileType = sourcecode.c.h; path = SDWebImageDecoder.h; sourceTree = "<group>"; };
		DE351B191EB984F50069A81E /* SDWebImageDecoder.m */ = {isa = PBXFileReference; fileEncoding = 4; lastKnownFileType = sourcecode.c.objc; path = SDWebImageDecoder.m; sourceTree = "<group>"; };
		DE351B1A1EB984F50069A81E /* SDWebImageDownloader.h */ = {isa = PBXFileReference; fileEncoding = 4; lastKnownFileType = sourcecode.c.h; path = SDWebImageDownloader.h; sourceTree = "<group>"; };
		DE351B1B1EB984F50069A81E /* SDWebImageDownloader.m */ = {isa = PBXFileReference; fileEncoding = 4; lastKnownFileType = sourcecode.c.objc; path = SDWebImageDownloader.m; sourceTree = "<group>"; };
		DE351B1C1EB984F50069A81E /* SDWebImageDownloaderOperation.h */ = {isa = PBXFileReference; fileEncoding = 4; lastKnownFileType = sourcecode.c.h; path = SDWebImageDownloaderOperation.h; sourceTree = "<group>"; };
		DE351B1D1EB984F50069A81E /* SDWebImageDownloaderOperation.m */ = {isa = PBXFileReference; fileEncoding = 4; lastKnownFileType = sourcecode.c.objc; path = SDWebImageDownloaderOperation.m; sourceTree = "<group>"; };
		DE351B1E1EB984F50069A81E /* SDWebImageManager.h */ = {isa = PBXFileReference; fileEncoding = 4; lastKnownFileType = sourcecode.c.h; path = SDWebImageManager.h; sourceTree = "<group>"; };
		DE351B1F1EB984F60069A81E /* SDWebImageManager.m */ = {isa = PBXFileReference; fileEncoding = 4; lastKnownFileType = sourcecode.c.objc; path = SDWebImageManager.m; sourceTree = "<group>"; };
		DE351B201EB984F60069A81E /* SDWebImageOperation.h */ = {isa = PBXFileReference; fileEncoding = 4; lastKnownFileType = sourcecode.c.h; path = SDWebImageOperation.h; sourceTree = "<group>"; };
		DE351B211EB984F60069A81E /* SDWebImagePrefetcher.h */ = {isa = PBXFileReference; fileEncoding = 4; lastKnownFileType = sourcecode.c.h; path = SDWebImagePrefetcher.h; sourceTree = "<group>"; };
		DE351B221EB984F60069A81E /* SDWebImagePrefetcher.m */ = {isa = PBXFileReference; fileEncoding = 4; lastKnownFileType = sourcecode.c.objc; path = SDWebImagePrefetcher.m; sourceTree = "<group>"; };
		DE351B231EB984F60069A81E /* UIButton+WebCache.h */ = {isa = PBXFileReference; fileEncoding = 4; lastKnownFileType = sourcecode.c.h; path = "UIButton+WebCache.h"; sourceTree = "<group>"; };
		DE351B241EB984F60069A81E /* UIButton+WebCache.m */ = {isa = PBXFileReference; fileEncoding = 4; lastKnownFileType = sourcecode.c.objc; path = "UIButton+WebCache.m"; sourceTree = "<group>"; };
		DE351B251EB984F60069A81E /* UIImage+GIF.h */ = {isa = PBXFileReference; fileEncoding = 4; lastKnownFileType = sourcecode.c.h; path = "UIImage+GIF.h"; sourceTree = "<group>"; };
		DE351B261EB984F60069A81E /* UIImage+GIF.m */ = {isa = PBXFileReference; fileEncoding = 4; lastKnownFileType = sourcecode.c.objc; path = "UIImage+GIF.m"; sourceTree = "<group>"; };
		DE351B271EB984F60069A81E /* UIImage+MultiFormat.h */ = {isa = PBXFileReference; fileEncoding = 4; lastKnownFileType = sourcecode.c.h; path = "UIImage+MultiFormat.h"; sourceTree = "<group>"; };
		DE351B281EB984F60069A81E /* UIImage+MultiFormat.m */ = {isa = PBXFileReference; fileEncoding = 4; lastKnownFileType = sourcecode.c.objc; path = "UIImage+MultiFormat.m"; sourceTree = "<group>"; };
		DE351B291EB984F60069A81E /* UIImage+WebP.h */ = {isa = PBXFileReference; fileEncoding = 4; lastKnownFileType = sourcecode.c.h; path = "UIImage+WebP.h"; sourceTree = "<group>"; };
		DE351B2A1EB984F60069A81E /* UIImage+WebP.m */ = {isa = PBXFileReference; fileEncoding = 4; lastKnownFileType = sourcecode.c.objc; path = "UIImage+WebP.m"; sourceTree = "<group>"; };
		DE351B2B1EB984F60069A81E /* UIImageView+HighlightedWebCache.h */ = {isa = PBXFileReference; fileEncoding = 4; lastKnownFileType = sourcecode.c.h; path = "UIImageView+HighlightedWebCache.h"; sourceTree = "<group>"; };
		DE351B2C1EB984F60069A81E /* UIImageView+HighlightedWebCache.m */ = {isa = PBXFileReference; fileEncoding = 4; lastKnownFileType = sourcecode.c.objc; path = "UIImageView+HighlightedWebCache.m"; sourceTree = "<group>"; };
		DE351B2D1EB984F60069A81E /* UIImageView+WebCache.h */ = {isa = PBXFileReference; fileEncoding = 4; lastKnownFileType = sourcecode.c.h; path = "UIImageView+WebCache.h"; sourceTree = "<group>"; };
		DE351B2E1EB984F60069A81E /* UIImageView+WebCache.m */ = {isa = PBXFileReference; fileEncoding = 4; lastKnownFileType = sourcecode.c.objc; path = "UIImageView+WebCache.m"; sourceTree = "<group>"; };
		DE351B2F1EB984F60069A81E /* UIView+WebCache.h */ = {isa = PBXFileReference; fileEncoding = 4; lastKnownFileType = sourcecode.c.h; path = "UIView+WebCache.h"; sourceTree = "<group>"; };
		DE351B301EB984F60069A81E /* UIView+WebCache.m */ = {isa = PBXFileReference; fileEncoding = 4; lastKnownFileType = sourcecode.c.objc; path = "UIView+WebCache.m"; sourceTree = "<group>"; };
		DE351B311EB984F60069A81E /* UIView+WebCacheOperation.h */ = {isa = PBXFileReference; fileEncoding = 4; lastKnownFileType = sourcecode.c.h; path = "UIView+WebCacheOperation.h"; sourceTree = "<group>"; };
		DE351B321EB984F60069A81E /* UIView+WebCacheOperation.m */ = {isa = PBXFileReference; fileEncoding = 4; lastKnownFileType = sourcecode.c.objc; path = "UIView+WebCacheOperation.m"; sourceTree = "<group>"; };
		DE351B501EBAFE4B0069A81E /* TAAbstractDotView.h */ = {isa = PBXFileReference; fileEncoding = 4; lastKnownFileType = sourcecode.c.h; path = TAAbstractDotView.h; sourceTree = "<group>"; };
		DE351B511EBAFE4B0069A81E /* TAAbstractDotView.m */ = {isa = PBXFileReference; fileEncoding = 4; lastKnownFileType = sourcecode.c.objc; path = TAAbstractDotView.m; sourceTree = "<group>"; };
		DE351B521EBAFE4B0069A81E /* TAAnimatedDotView.h */ = {isa = PBXFileReference; fileEncoding = 4; lastKnownFileType = sourcecode.c.h; path = TAAnimatedDotView.h; sourceTree = "<group>"; };
		DE351B531EBAFE4B0069A81E /* TAAnimatedDotView.m */ = {isa = PBXFileReference; fileEncoding = 4; lastKnownFileType = sourcecode.c.objc; path = TAAnimatedDotView.m; sourceTree = "<group>"; };
		DE351B541EBAFE4B0069A81E /* TADotView.h */ = {isa = PBXFileReference; fileEncoding = 4; lastKnownFileType = sourcecode.c.h; path = TADotView.h; sourceTree = "<group>"; };
		DE351B551EBAFE4B0069A81E /* TADotView.m */ = {isa = PBXFileReference; fileEncoding = 4; lastKnownFileType = sourcecode.c.objc; path = TADotView.m; sourceTree = "<group>"; };
		DE351B561EBAFE4B0069A81E /* TAPageControl.h */ = {isa = PBXFileReference; fileEncoding = 4; lastKnownFileType = sourcecode.c.h; path = TAPageControl.h; sourceTree = "<group>"; };
		DE351B571EBAFE4B0069A81E /* TAPageControl.m */ = {isa = PBXFileReference; fileEncoding = 4; lastKnownFileType = sourcecode.c.objc; path = TAPageControl.m; sourceTree = "<group>"; };
/* End PBXFileReference section */

/* Begin PBXFrameworksBuildPhase section */
		DE351AC71EB884870069A81E /* Frameworks */ = {
			isa = PBXFrameworksBuildPhase;
			buildActionMask = 2147483647;
			files = (
			);
			runOnlyForDeploymentPostprocessing = 0;
		};
		DE351AE01EB884870069A81E /* Frameworks */ = {
			isa = PBXFrameworksBuildPhase;
			buildActionMask = 2147483647;
			files = (
			);
			runOnlyForDeploymentPostprocessing = 0;
		};
		DE351AEB1EB884870069A81E /* Frameworks */ = {
			isa = PBXFrameworksBuildPhase;
			buildActionMask = 2147483647;
			files = (
			);
			runOnlyForDeploymentPostprocessing = 0;
		};
/* End PBXFrameworksBuildPhase section */

/* Begin PBXGroup section */
		DE351AC11EB884870069A81E = {
			isa = PBXGroup;
			children = (
				DE351ACC1EB884870069A81E /* LLYCycleScrollView */,
				DE351AE61EB884870069A81E /* LLYCycleScrollViewTests */,
				DE351AF11EB884870069A81E /* LLYCycleScrollViewUITests */,
				DE351ACB1EB884870069A81E /* Products */,
			);
			sourceTree = "<group>";
		};
		DE351ACB1EB884870069A81E /* Products */ = {
			isa = PBXGroup;
			children = (
				DE351ACA1EB884870069A81E /* LLYCycleScrollView.app */,
				DE351AE31EB884870069A81E /* LLYCycleScrollViewTests.xctest */,
				DE351AEE1EB884870069A81E /* LLYCycleScrollViewUITests.xctest */,
			);
			name = Products;
			sourceTree = "<group>";
		};
		DE351ACC1EB884870069A81E /* LLYCycleScrollView */ = {
			isa = PBXGroup;
			children = (
				DE351B4F1EBAFE4B0069A81E /* PageControl */,
				DE351B0B1EB984F50069A81E /* SDWebImage */,
				DE351B461EB9B6E60069A81E /* LLYCycleScrollView */,
				DE351AD01EB884870069A81E /* AppDelegate.h */,
				DE351AD11EB884870069A81E /* AppDelegate.m */,
				DE351AD31EB884870069A81E /* ViewController.h */,
				DE351AD41EB884870069A81E /* ViewController.m */,
				DE351B061EB972EC0069A81E /* UIView+Frame.h */,
				DE351B071EB972EC0069A81E /* UIView+Frame.m */,
				DE351B091EB9780F0069A81E /* testimage.png */,
				DE351AD61EB884870069A81E /* Main.storyboard */,
				DE351AD91EB884870069A81E /* Assets.xcassets */,
				DE351ADB1EB884870069A81E /* LaunchScreen.storyboard */,
				DE351ADE1EB884870069A81E /* Info.plist */,
				DE351ACD1EB884870069A81E /* Supporting Files */,
			);
			path = LLYCycleScrollView;
			sourceTree = "<group>";
		};
		DE351ACD1EB884870069A81E /* Supporting Files */ = {
			isa = PBXGroup;
			children = (
				DE351ACE1EB884870069A81E /* main.m */,
			);
			name = "Supporting Files";
			sourceTree = "<group>";
		};
		DE351AE61EB884870069A81E /* LLYCycleScrollViewTests */ = {
			isa = PBXGroup;
			children = (
				DE351AE71EB884870069A81E /* LLYCycleScrollViewTests.m */,
				DE351AE91EB884870069A81E /* Info.plist */,
			);
			path = LLYCycleScrollViewTests;
			sourceTree = "<group>";
		};
		DE351AF11EB884870069A81E /* LLYCycleScrollViewUITests */ = {
			isa = PBXGroup;
			children = (
				DE351AF21EB884870069A81E /* LLYCycleScrollViewUITests.m */,
				DE351AF41EB884870069A81E /* Info.plist */,
			);
			path = LLYCycleScrollViewUITests;
			sourceTree = "<group>";
		};
		DE351B0B1EB984F50069A81E /* SDWebImage */ = {
			isa = PBXGroup;
			children = (
				DE351B0C1EB984F50069A81E /* MKAnnotationView+WebCache.h */,
				DE351B0D1EB984F50069A81E /* MKAnnotationView+WebCache.m */,
				DE351B0E1EB984F50069A81E /* NSData+ImageContentType.h */,
				DE351B0F1EB984F50069A81E /* NSData+ImageContentType.m */,
				DE351B101EB984F50069A81E /* NSImage+WebCache.h */,
				DE351B111EB984F50069A81E /* NSImage+WebCache.m */,
				DE351B121EB984F50069A81E /* SDImageCache.h */,
				DE351B131EB984F50069A81E /* SDImageCache.m */,
				DE351B141EB984F50069A81E /* SDImageCacheConfig.h */,
				DE351B151EB984F50069A81E /* SDImageCacheConfig.m */,
				DE351B161EB984F50069A81E /* SDWebImageCompat.h */,
				DE351B171EB984F50069A81E /* SDWebImageCompat.m */,
				DE351B181EB984F50069A81E /* SDWebImageDecoder.h */,
				DE351B191EB984F50069A81E /* SDWebImageDecoder.m */,
				DE351B1A1EB984F50069A81E /* SDWebImageDownloader.h */,
				DE351B1B1EB984F50069A81E /* SDWebImageDownloader.m */,
				DE351B1C1EB984F50069A81E /* SDWebImageDownloaderOperation.h */,
				DE351B1D1EB984F50069A81E /* SDWebImageDownloaderOperation.m */,
				DE351B1E1EB984F50069A81E /* SDWebImageManager.h */,
				DE351B1F1EB984F60069A81E /* SDWebImageManager.m */,
				DE351B201EB984F60069A81E /* SDWebImageOperation.h */,
				DE351B211EB984F60069A81E /* SDWebImagePrefetcher.h */,
				DE351B221EB984F60069A81E /* SDWebImagePrefetcher.m */,
				DE351B231EB984F60069A81E /* UIButton+WebCache.h */,
				DE351B241EB984F60069A81E /* UIButton+WebCache.m */,
				DE351B251EB984F60069A81E /* UIImage+GIF.h */,
				DE351B261EB984F60069A81E /* UIImage+GIF.m */,
				DE351B271EB984F60069A81E /* UIImage+MultiFormat.h */,
				DE351B281EB984F60069A81E /* UIImage+MultiFormat.m */,
				DE351B291EB984F60069A81E /* UIImage+WebP.h */,
				DE351B2A1EB984F60069A81E /* UIImage+WebP.m */,
				DE351B2B1EB984F60069A81E /* UIImageView+HighlightedWebCache.h */,
				DE351B2C1EB984F60069A81E /* UIImageView+HighlightedWebCache.m */,
				DE351B2D1EB984F60069A81E /* UIImageView+WebCache.h */,
				DE351B2E1EB984F60069A81E /* UIImageView+WebCache.m */,
				DE351B2F1EB984F60069A81E /* UIView+WebCache.h */,
				DE351B301EB984F60069A81E /* UIView+WebCache.m */,
				DE351B311EB984F60069A81E /* UIView+WebCacheOperation.h */,
				DE351B321EB984F60069A81E /* UIView+WebCacheOperation.m */,
			);
			path = SDWebImage;
			sourceTree = "<group>";
		};
		DE351B461EB9B6E60069A81E /* LLYCycleScrollView */ = {
			isa = PBXGroup;
			children = (
				DE351B001EB884FE0069A81E /* LLYCycleScrollView.h */,
				DE351B011EB884FE0069A81E /* LLYCycleScrollView.m */,
				DE351B031EB96CF30069A81E /* LLYCycleCell.h */,
				DE351B041EB96CF30069A81E /* LLYCycleCell.m */,
			);
			name = LLYCycleScrollView;
			sourceTree = "<group>";
		};
		DE351B4F1EBAFE4B0069A81E /* PageControl */ = {
			isa = PBXGroup;
			children = (
				DE351B501EBAFE4B0069A81E /* TAAbstractDotView.h */,
				DE351B511EBAFE4B0069A81E /* TAAbstractDotView.m */,
				DE351B521EBAFE4B0069A81E /* TAAnimatedDotView.h */,
				DE351B531EBAFE4B0069A81E /* TAAnimatedDotView.m */,
				DE351B541EBAFE4B0069A81E /* TADotView.h */,
				DE351B551EBAFE4B0069A81E /* TADotView.m */,
				DE351B561EBAFE4B0069A81E /* TAPageControl.h */,
				DE351B571EBAFE4B0069A81E /* TAPageControl.m */,
			);
			path = PageControl;
			sourceTree = "<group>";
		};
/* End PBXGroup section */

/* Begin PBXNativeTarget section */
		DE351AC91EB884870069A81E /* LLYCycleScrollView */ = {
			isa = PBXNativeTarget;
			buildConfigurationList = DE351AF71EB884870069A81E /* Build configuration list for PBXNativeTarget "LLYCycleScrollView" */;
			buildPhases = (
				DE351AC61EB884870069A81E /* Sources */,
				DE351AC71EB884870069A81E /* Frameworks */,
				DE351AC81EB884870069A81E /* Resources */,
			);
			buildRules = (
			);
			dependencies = (
			);
			name = LLYCycleScrollView;
			productName = LLYCycleScrollView;
			productReference = DE351ACA1EB884870069A81E /* LLYCycleScrollView.app */;
			productType = "com.apple.product-type.application";
		};
		DE351AE21EB884870069A81E /* LLYCycleScrollViewTests */ = {
			isa = PBXNativeTarget;
			buildConfigurationList = DE351AFA1EB884870069A81E /* Build configuration list for PBXNativeTarget "LLYCycleScrollViewTests" */;
			buildPhases = (
				DE351ADF1EB884870069A81E /* Sources */,
				DE351AE01EB884870069A81E /* Frameworks */,
				DE351AE11EB884870069A81E /* Resources */,
			);
			buildRules = (
			);
			dependencies = (
				DE351AE51EB884870069A81E /* PBXTargetDependency */,
			);
			name = LLYCycleScrollViewTests;
			productName = LLYCycleScrollViewTests;
			productReference = DE351AE31EB884870069A81E /* LLYCycleScrollViewTests.xctest */;
			productType = "com.apple.product-type.bundle.unit-test";
		};
		DE351AED1EB884870069A81E /* LLYCycleScrollViewUITests */ = {
			isa = PBXNativeTarget;
			buildConfigurationList = DE351AFD1EB884870069A81E /* Build configuration list for PBXNativeTarget "LLYCycleScrollViewUITests" */;
			buildPhases = (
				DE351AEA1EB884870069A81E /* Sources */,
				DE351AEB1EB884870069A81E /* Frameworks */,
				DE351AEC1EB884870069A81E /* Resources */,
			);
			buildRules = (
			);
			dependencies = (
				DE351AF01EB884870069A81E /* PBXTargetDependency */,
			);
			name = LLYCycleScrollViewUITests;
			productName = LLYCycleScrollViewUITests;
			productReference = DE351AEE1EB884870069A81E /* LLYCycleScrollViewUITests.xctest */;
			productType = "com.apple.product-type.bundle.ui-testing";
		};
/* End PBXNativeTarget section */

/* Begin PBXProject section */
		DE351AC21EB884870069A81E /* Project object */ = {
			isa = PBXProject;
			attributes = {
				LastUpgradeCheck = 0820;
				ORGANIZATIONNAME = "Lu Yang Li";
				TargetAttributes = {
					DE351AC91EB884870069A81E = {
						CreatedOnToolsVersion = 8.2.1;
						ProvisioningStyle = Automatic;
					};
					DE351AE21EB884870069A81E = {
						CreatedOnToolsVersion = 8.2.1;
						ProvisioningStyle = Automatic;
						TestTargetID = DE351AC91EB884870069A81E;
					};
					DE351AED1EB884870069A81E = {
						CreatedOnToolsVersion = 8.2.1;
						ProvisioningStyle = Automatic;
						TestTargetID = DE351AC91EB884870069A81E;
					};
				};
			};
			buildConfigurationList = DE351AC51EB884870069A81E /* Build configuration list for PBXProject "LLYCycleScrollView" */;
			compatibilityVersion = "Xcode 3.2";
			developmentRegion = English;
			hasScannedForEncodings = 0;
			knownRegions = (
				en,
				Base,
			);
			mainGroup = DE351AC11EB884870069A81E;
			productRefGroup = DE351ACB1EB884870069A81E /* Products */;
			projectDirPath = "";
			projectRoot = "";
			targets = (
				DE351AC91EB884870069A81E /* LLYCycleScrollView */,
				DE351AE21EB884870069A81E /* LLYCycleScrollViewTests */,
				DE351AED1EB884870069A81E /* LLYCycleScrollViewUITests */,
			);
		};
/* End PBXProject section */

/* Begin PBXResourcesBuildPhase section */
		DE351AC81EB884870069A81E /* Resources */ = {
			isa = PBXResourcesBuildPhase;
			buildActionMask = 2147483647;
			files = (
				DE351ADD1EB884870069A81E /* LaunchScreen.storyboard in Resources */,
				DE351ADA1EB884870069A81E /* Assets.xcassets in Resources */,
				DE351AD81EB884870069A81E /* Main.storyboard in Resources */,
				DE351B0A1EB9780F0069A81E /* testimage.png in Resources */,
			);
			runOnlyForDeploymentPostprocessing = 0;
		};
		DE351AE11EB884870069A81E /* Resources */ = {
			isa = PBXResourcesBuildPhase;
			buildActionMask = 2147483647;
			files = (
			);
			runOnlyForDeploymentPostprocessing = 0;
		};
		DE351AEC1EB884870069A81E /* Resources */ = {
			isa = PBXResourcesBuildPhase;
			buildActionMask = 2147483647;
			files = (
			);
			runOnlyForDeploymentPostprocessing = 0;
		};
/* End PBXResourcesBuildPhase section */

/* Begin PBXSourcesBuildPhase section */
		DE351AC61EB884870069A81E /* Sources */ = {
			isa = PBXSourcesBuildPhase;
			buildActionMask = 2147483647;
			files = (
				DE351B391EB984F60069A81E /* SDWebImageDecoder.m in Sources */,
				DE351B5A1EBAFE4B0069A81E /* TADotView.m in Sources */,
				DE351B3C1EB984F60069A81E /* SDWebImageManager.m in Sources */,
				DE351B441EB984F60069A81E /* UIView+WebCache.m in Sources */,
				DE351B371EB984F60069A81E /* SDImageCacheConfig.m in Sources */,
				DE351B381EB984F60069A81E /* SDWebImageCompat.m in Sources */,
				DE351B411EB984F60069A81E /* UIImage+WebP.m in Sources */,
				DE351B081EB972EC0069A81E /* UIView+Frame.m in Sources */,
				DE351B581EBAFE4B0069A81E /* TAAbstractDotView.m in Sources */,
				DE351B421EB984F60069A81E /* UIImageView+HighlightedWebCache.m in Sources */,
				DE351AD51EB884870069A81E /* ViewController.m in Sources */,
				DE351B341EB984F60069A81E /* NSData+ImageContentType.m in Sources */,
				DE351B3E1EB984F60069A81E /* UIButton+WebCache.m in Sources */,
				DE351B3D1EB984F60069A81E /* SDWebImagePrefetcher.m in Sources */,
				DE351B451EB984F60069A81E /* UIView+WebCacheOperation.m in Sources */,
				DE351B3B1EB984F60069A81E /* SDWebImageDownloaderOperation.m in Sources */,
				DE351AD21EB884870069A81E /* AppDelegate.m in Sources */,
				DE351B051EB96CF30069A81E /* LLYCycleCell.m in Sources */,
				DE351B591EBAFE4B0069A81E /* TAAnimatedDotView.m in Sources */,
				DE351B5B1EBAFE4B0069A81E /* TAPageControl.m in Sources */,
				DE351B401EB984F60069A81E /* UIImage+MultiFormat.m in Sources */,
				DE351B331EB984F60069A81E /* MKAnnotationView+WebCache.m in Sources */,
				DE351B021EB884FE0069A81E /* LLYCycleScrollView.m in Sources */,
				DE351ACF1EB884870069A81E /* main.m in Sources */,
				DE351B351EB984F60069A81E /* NSImage+WebCache.m in Sources */,
				DE351B3F1EB984F60069A81E /* UIImage+GIF.m in Sources */,
				DE351B3A1EB984F60069A81E /* SDWebImageDownloader.m in Sources */,
				DE351B431EB984F60069A81E /* UIImageView+WebCache.m in Sources */,
				DE351B361EB984F60069A81E /* SDImageCache.m in Sources */,
			);
			runOnlyForDeploymentPostprocessing = 0;
		};
		DE351ADF1EB884870069A81E /* Sources */ = {
			isa = PBXSourcesBuildPhase;
			buildActionMask = 2147483647;
			files = (
				DE351AE81EB884870069A81E /* LLYCycleScrollViewTests.m in Sources */,
			);
			runOnlyForDeploymentPostprocessing = 0;
		};
		DE351AEA1EB884870069A81E /* Sources */ = {
			isa = PBXSourcesBuildPhase;
			buildActionMask = 2147483647;
			files = (
				DE351AF31EB884870069A81E /* LLYCycleScrollViewUITests.m in Sources */,
			);
			runOnlyForDeploymentPostprocessing = 0;
		};
/* End PBXSourcesBuildPhase section */

/* Begin PBXTargetDependency section */
		DE351AE51EB884870069A81E /* PBXTargetDependency */ = {
			isa = PBXTargetDependency;
			target = DE351AC91EB884870069A81E /* LLYCycleScrollView */;
			targetProxy = DE351AE41EB884870069A81E /* PBXContainerItemProxy */;
		};
		DE351AF01EB884870069A81E /* PBXTargetDependency */ = {
			isa = PBXTargetDependency;
			target = DE351AC91EB884870069A81E /* LLYCycleScrollView */;
			targetProxy = DE351AEF1EB884870069A81E /* PBXContainerItemProxy */;
		};
/* End PBXTargetDependency section */

/* Begin PBXVariantGroup section */
		DE351AD61EB884870069A81E /* Main.storyboard */ = {
			isa = PBXVariantGroup;
			children = (
				DE351AD71EB884870069A81E /* Base */,
			);
			name = Main.storyboard;
			sourceTree = "<group>";
		};
		DE351ADB1EB884870069A81E /* LaunchScreen.storyboard */ = {
			isa = PBXVariantGroup;
			children = (
				DE351ADC1EB884870069A81E /* Base */,
			);
			name = LaunchScreen.storyboard;
			sourceTree = "<group>";
		};
/* End PBXVariantGroup section */

/* Begin XCBuildConfiguration section */
		DE351AF51EB884870069A81E /* Debug */ = {
			isa = XCBuildConfiguration;
			buildSettings = {
				ALWAYS_SEARCH_USER_PATHS = NO;
				CLANG_ANALYZER_NONNULL = YES;
				CLANG_CXX_LANGUAGE_STANDARD = "gnu++0x";
				CLANG_CXX_LIBRARY = "libc++";
				CLANG_ENABLE_MODULES = YES;
				CLANG_ENABLE_OBJC_ARC = YES;
				CLANG_WARN_BOOL_CONVERSION = YES;
				CLANG_WARN_CONSTANT_CONVERSION = YES;
				CLANG_WARN_DIRECT_OBJC_ISA_USAGE = YES_ERROR;
				CLANG_WARN_DOCUMENTATION_COMMENTS = YES;
				CLANG_WARN_EMPTY_BODY = YES;
				CLANG_WARN_ENUM_CONVERSION = YES;
				CLANG_WARN_INFINITE_RECURSION = YES;
				CLANG_WARN_INT_CONVERSION = YES;
				CLANG_WARN_OBJC_ROOT_CLASS = YES_ERROR;
				CLANG_WARN_SUSPICIOUS_MOVE = YES;
				CLANG_WARN_UNREACHABLE_CODE = YES;
				CLANG_WARN__DUPLICATE_METHOD_MATCH = YES;
				"CODE_SIGN_IDENTITY[sdk=iphoneos*]" = "iPhone Developer";
				COPY_PHASE_STRIP = NO;
				DEBUG_INFORMATION_FORMAT = dwarf;
				ENABLE_STRICT_OBJC_MSGSEND = YES;
				ENABLE_TESTABILITY = YES;
				GCC_C_LANGUAGE_STANDARD = gnu99;
				GCC_DYNAMIC_NO_PIC = NO;
				GCC_NO_COMMON_BLOCKS = YES;
				GCC_OPTIMIZATION_LEVEL = 0;
				GCC_PREPROCESSOR_DEFINITIONS = (
					"DEBUG=1",
					"$(inherited)",
				);
				GCC_WARN_64_TO_32_BIT_CONVERSION = YES;
				GCC_WARN_ABOUT_RETURN_TYPE = YES_ERROR;
				GCC_WARN_UNDECLARED_SELECTOR = YES;
				GCC_WARN_UNINITIALIZED_AUTOS = YES_AGGRESSIVE;
				GCC_WARN_UNUSED_FUNCTION = YES;
				GCC_WARN_UNUSED_VARIABLE = YES;
				IPHONEOS_DEPLOYMENT_TARGET = 10.2;
				MTL_ENABLE_DEBUG_INFO = YES;
				ONLY_ACTIVE_ARCH = YES;
				SDKROOT = iphoneos;
			};
			name = Debug;
		};
		DE351AF61EB884870069A81E /* Release */ = {
			isa = XCBuildConfiguration;
			buildSettings = {
				ALWAYS_SEARCH_USER_PATHS = NO;
				CLANG_ANALYZER_NONNULL = YES;
				CLANG_CXX_LANGUAGE_STANDARD = "gnu++0x";
				CLANG_CXX_LIBRARY = "libc++";
				CLANG_ENABLE_MODULES = YES;
				CLANG_ENABLE_OBJC_ARC = YES;
				CLANG_WARN_BOOL_CONVERSION = YES;
				CLANG_WARN_CONSTANT_CONVERSION = YES;
				CLANG_WARN_DIRECT_OBJC_ISA_USAGE = YES_ERROR;
				CLANG_WARN_DOCUMENTATION_COMMENTS = YES;
				CLANG_WARN_EMPTY_BODY = YES;
				CLANG_WARN_ENUM_CONVERSION = YES;
				CLANG_WARN_INFINITE_RECURSION = YES;
				CLANG_WARN_INT_CONVERSION = YES;
				CLANG_WARN_OBJC_ROOT_CLASS = YES_ERROR;
				CLANG_WARN_SUSPICIOUS_MOVE = YES;
				CLANG_WARN_UNREACHABLE_CODE = YES;
				CLANG_WARN__DUPLICATE_METHOD_MATCH = YES;
				"CODE_SIGN_IDENTITY[sdk=iphoneos*]" = "iPhone Developer";
				COPY_PHASE_STRIP = NO;
				DEBUG_INFORMATION_FORMAT = "dwarf-with-dsym";
				ENABLE_NS_ASSERTIONS = NO;
				ENABLE_STRICT_OBJC_MSGSEND = YES;
				GCC_C_LANGUAGE_STANDARD = gnu99;
				GCC_NO_COMMON_BLOCKS = YES;
				GCC_WARN_64_TO_32_BIT_CONVERSION = YES;
				GCC_WARN_ABOUT_RETURN_TYPE = YES_ERROR;
				GCC_WARN_UNDECLARED_SELECTOR = YES;
				GCC_WARN_UNINITIALIZED_AUTOS = YES_AGGRESSIVE;
				GCC_WARN_UNUSED_FUNCTION = YES;
				GCC_WARN_UNUSED_VARIABLE = YES;
				IPHONEOS_DEPLOYMENT_TARGET = 10.2;
				MTL_ENABLE_DEBUG_INFO = NO;
				SDKROOT = iphoneos;
				VALIDATE_PRODUCT = YES;
			};
			name = Release;
		};
		DE351AF81EB884870069A81E /* Debug */ = {
			isa = XCBuildConfiguration;
			buildSettings = {
				ASSETCATALOG_COMPILER_APPICON_NAME = AppIcon;
				INFOPLIST_FILE = LLYCycleScrollView/Info.plist;
				LD_RUNPATH_SEARCH_PATHS = "$(inherited) @executable_path/Frameworks";
				PRODUCT_BUNDLE_IDENTIFIER = "com-.zhuoruiguoji.LLYCycleScrollView";
				PRODUCT_NAME = "$(TARGET_NAME)";
			};
			name = Debug;
		};
		DE351AF91EB884870069A81E /* Release */ = {
			isa = XCBuildConfiguration;
			buildSettings = {
				ASSETCATALOG_COMPILER_APPICON_NAME = AppIcon;
				INFOPLIST_FILE = LLYCycleScrollView/Info.plist;
				LD_RUNPATH_SEARCH_PATHS = "$(inherited) @executable_path/Frameworks";
				PRODUCT_BUNDLE_IDENTIFIER = "com-.zhuoruiguoji.LLYCycleScrollView";
				PRODUCT_NAME = "$(TARGET_NAME)";
			};
			name = Release;
		};
		DE351AFB1EB884870069A81E /* Debug */ = {
			isa = XCBuildConfiguration;
			buildSettings = {
				BUNDLE_LOADER = "$(TEST_HOST)";
				INFOPLIST_FILE = LLYCycleScrollViewTests/Info.plist;
				LD_RUNPATH_SEARCH_PATHS = "$(inherited) @executable_path/Frameworks @loader_path/Frameworks";
				PRODUCT_BUNDLE_IDENTIFIER = "com-.zhuoruiguoji.LLYCycleScrollViewTests";
				PRODUCT_NAME = "$(TARGET_NAME)";
				TEST_HOST = "$(BUILT_PRODUCTS_DIR)/LLYCycleScrollView.app/LLYCycleScrollView";
			};
			name = Debug;
		};
		DE351AFC1EB884870069A81E /* Release */ = {
			isa = XCBuildConfiguration;
			buildSettings = {
				BUNDLE_LOADER = "$(TEST_HOST)";
				INFOPLIST_FILE = LLYCycleScrollViewTests/Info.plist;
				LD_RUNPATH_SEARCH_PATHS = "$(inherited) @executable_path/Frameworks @loader_path/Frameworks";
				PRODUCT_BUNDLE_IDENTIFIER = "com-.zhuoruiguoji.LLYCycleScrollViewTests";
				PRODUCT_NAME = "$(TARGET_NAME)";
				TEST_HOST = "$(BUILT_PRODUCTS_DIR)/LLYCycleScrollView.app/LLYCycleScrollView";
			};
			name = Release;
		};
		DE351AFE1EB884870069A81E /* Debug */ = {
			isa = XCBuildConfiguration;
			buildSettings = {
				INFOPLIST_FILE = LLYCycleScrollViewUITests/Info.plist;
				LD_RUNPATH_SEARCH_PATHS = "$(inherited) @executable_path/Frameworks @loader_path/Frameworks";
				PRODUCT_BUNDLE_IDENTIFIER = "com-.zhuoruiguoji.LLYCycleScrollViewUITests";
				PRODUCT_NAME = "$(TARGET_NAME)";
				TEST_TARGET_NAME = LLYCycleScrollView;
			};
			name = Debug;
		};
		DE351AFF1EB884870069A81E /* Release */ = {
			isa = XCBuildConfiguration;
			buildSettings = {
				INFOPLIST_FILE = LLYCycleScrollViewUITests/Info.plist;
				LD_RUNPATH_SEARCH_PATHS = "$(inherited) @executable_path/Frameworks @loader_path/Frameworks";
				PRODUCT_BUNDLE_IDENTIFIER = "com-.zhuoruiguoji.LLYCycleScrollViewUITests";
				PRODUCT_NAME = "$(TARGET_NAME)";
				TEST_TARGET_NAME = LLYCycleScrollView;
			};
			name = Release;
		};
/* End XCBuildConfiguration section */

/* Begin XCConfigurationList section */
		DE351AC51EB884870069A81E /* Build configuration list for PBXProject "LLYCycleScrollView" */ = {
			isa = XCConfigurationList;
			buildConfigurations = (
				DE351AF51EB884870069A81E /* Debug */,
				DE351AF61EB884870069A81E /* Release */,
			);
			defaultConfigurationIsVisible = 0;
			defaultConfigurationName = Release;
		};
		DE351AF71EB884870069A81E /* Build configuration list for PBXNativeTarget "LLYCycleScrollView" */ = {
			isa = XCConfigurationList;
			buildConfigurations = (
				DE351AF81EB884870069A81E /* Debug */,
				DE351AF91EB884870069A81E /* Release */,
			);
			defaultConfigurationIsVisible = 0;
			defaultConfigurationName = Release;
		};
		DE351AFA1EB884870069A81E /* Build configuration list for PBXNativeTarget "LLYCycleScrollViewTests" */ = {
			isa = XCConfigurationList;
			buildConfigurations = (
				DE351AFB1EB884870069A81E /* Debug */,
				DE351AFC1EB884870069A81E /* Release */,
			);
			defaultConfigurationIsVisible = 0;
			defaultConfigurationName = Release;
		};
		DE351AFD1EB884870069A81E /* Build configuration list for PBXNativeTarget "LLYCycleScrollViewUITests" */ = {
			isa = XCConfigurationList;
			buildConfigurations = (
				DE351AFE1EB884870069A81E /* Debug */,
				DE351AFF1EB884870069A81E /* Release */,
			);
			defaultConfigurationIsVisible = 0;
			defaultConfigurationName = Release;
		};
/* End XCConfigurationList section */
	};
	rootObject = DE351AC21EB884870069A81E /* Project object */;
}
